
Microsoft Visual Studio Solution File, Format Version 12.00
# Visual Studio 15
VisualStudioVersion = 15.0.27428.2005
MinimumVisualStudioVersion = 10.0.40219.1
Project("{FAE04EC0-301F-11D3-BF4B-00C04F79EFBC}") = "SerenataflowersTest", "SerenataflowersTest\SerenataflowersTest.csproj", "{C12E9E27-F59B-48E0-94EA-29A8DC17B809}"
EndProject
Project("{FAE04EC0-301F-11D3-BF4B-00C04F79EFBC}") = "SerenataflowersTestTests", "SerenataflowersTestTests\SerenataflowersTestTests.csproj", "{E4468B44-C5F4-4E27-853F-4EC2C752D541}"
EndProject
Global
	GlobalSection(SolutionConfigurationPlatforms) = preSolution
		Debug|Any CPU = Debug|Any CPU
		Release|Any CPU = Release|Any CPU
	EndGlobalSection
	GlobalSection(ProjectConfigurationPlatforms) = postSolution
		{C12E9E27-F59B-48E0-94EA-29A8DC17B809}.Debug|Any CPU.ActiveCfg = Debug|Any CPU
		{C12E9E27-F59B-48E0-94EA-29A8DC17B809}.Debug|Any CPU.Build.0 = Debug|Any CPU
		{C12E9E27-F59B-48E0-94EA-29A8DC17B809}.Release|Any CPU.ActiveCfg = Release|Any CPU
		{C12E9E27-F59B-48E0-94EA-29A8DC17B809}.Release|Any CPU.Build.0 = Release|Any CPU
		{E4468B44-C5F4-4E27-853F-4EC2C752D541}.Debug|Any CPU.ActiveCfg = Debug|Any CPU
		{E4468B44-C5F4-4E27-853F-4EC2C752D541}.Debug|Any CPU.Build.0 = Debug|Any CPU
		{E4468B44-C5F4-4E27-853F-4EC2C752D541}.Release|Any CPU.ActiveCfg = Release|Any CPU
		{E4468B44-C5F4-4E27-853F-4EC2C752D541}.Release|Any CPU.Build.0 = Release|Any CPU
	EndGlobalSection
	GlobalSection(SolutionProperties) = preSolution
		HideSolutionNode = FALSE
	EndGlobalSection
	GlobalSection(ExtensibilityGlobals) = postSolution
		SolutionGuid = {6A33B348-DC70-4131-85A6-3F623CCA69A6}
	EndGlobalSection
EndGlobal
